
Microsoft Visual Studio Solution File, Format Version 12.00
# Visual Studio Version 17
VisualStudioVersion = 17.4.33213.308
MinimumVisualStudioVersion = 10.0.40219.1
Project("{8BC9CEB8-8B4A-11D0-8D11-00A0C91BC942}") = "tinyxml2的使用", "tinyxml2的使用\tinyxml2的使用.vcxproj", "{A55EA9ED-0234-47EC-82BB-299D271F4D5A}"
EndProject
Project("{8BC9CEB8-8B4A-11D0-8D11-00A0C91BC942}") = "userManager", "..\userManager\userManager.vcxproj", "{1A454E68-073E-4E04-999B-641C7B0D7253}"
EndProject
Global
	GlobalSection(SolutionConfigurationPlatforms) = preSolution
		Debug|x64 = Debug|x64
		Debug|x86 = Debug|x86
		Release|x64 = Release|x64
		Release|x86 = Release|x86
	EndGlobalSection
	GlobalSection(ProjectConfigurationPlatforms) = postSolution
		{A55EA9ED-0234-47EC-82BB-299D271F4D5A}.Debug|x64.ActiveCfg = Debug|x64
		{A55EA9ED-0234-47EC-82BB-299D271F4D5A}.Debug|x64.Build.0 = Debug|x64
		{A55EA9ED-0234-47EC-82BB-299D271F4D5A}.Debug|x86.ActiveCfg = Debug|Win32
		{A55EA9ED-0234-47EC-82BB-299D271F4D5A}.Debug|x86.Build.0 = Debug|Win32
		{A55EA9ED-0234-47EC-82BB-299D271F4D5A}.Release|x64.ActiveCfg = Release|x64
		{A55EA9ED-0234-47EC-82BB-299D271F4D5A}.Release|x64.Build.0 = Release|x64
		{A55EA9ED-0234-47EC-82BB-299D271F4D5A}.Release|x86.ActiveCfg = Release|Win32
		{A55EA9ED-0234-47EC-82BB-299D271F4D5A}.Release|x86.Build.0 = Release|Win32
		{1A454E68-073E-4E04-999B-641C7B0D7253}.Debug|x64.ActiveCfg = Debug|x64
		{1A454E68-073E-4E04-999B-641C7B0D7253}.Debug|x64.Build.0 = Debug|x64
		{1A454E68-073E-4E04-999B-641C7B0D7253}.Debug|x86.ActiveCfg = Debug|Win32
		{1A454E68-073E-4E04-999B-641C7B0D7253}.Debug|x86.Build.0 = Debug|Win32
		{1A454E68-073E-4E04-999B-641C7B0D7253}.Release|x64.ActiveCfg = Release|x64
		{1A454E68-073E-4E04-999B-641C7B0D7253}.Release|x64.Build.0 = Release|x64
		{1A454E68-073E-4E04-999B-641C7B0D7253}.Release|x86.ActiveCfg = Release|Win32
		{1A454E68-073E-4E04-999B-641C7B0D7253}.Release|x86.Build.0 = Release|Win32
	EndGlobalSection
	GlobalSection(SolutionProperties) = preSolution
		HideSolutionNode = FALSE
	EndGlobalSection
	GlobalSection(ExtensibilityGlobals) = postSolution
		SolutionGuid = {A8DADDC9-AC30-48E8-8FD9-318CE7D627F3}
	EndGlobalSection
EndGlobal
